
Microsoft Visual Studio Solution File, Format Version 12.00
# Visual Studio Version 16
VisualStudioVersion = 16.0.32106.194
MinimumVisualStudioVersion = 10.0.40219.1
Project("{FAE04EC0-301F-11D3-BF4B-00C04F79EFBC}") = "Git Calculator", "Git Calculator.csproj", "{D65AFA68-955C-4701-A807-6823F9977A2C}"
EndProject
Global
	GlobalSection(SolutionConfigurationPlatforms) = preSolution
		Debug|Any CPU = Debug|Any CPU
		Release|Any CPU = Release|Any CPU
	EndGlobalSection
	GlobalSection(ProjectConfigurationPlatforms) = postSolution
		{D65AFA68-955C-4701-A807-6823F9977A2C}.Debug|Any CPU.ActiveCfg = Debug|Any CPU
		{D65AFA68-955C-4701-A807-6823F9977A2C}.Debug|Any CPU.Build.0 = Debug|Any CPU
		{D65AFA68-955C-4701-A807-6823F9977A2C}.Release|Any CPU.ActiveCfg = Release|Any CPU
		{D65AFA68-955C-4701-A807-6823F9977A2C}.Release|Any CPU.Build.0 = Release|Any CPU
	EndGlobalSection
	GlobalSection(SolutionProperties) = preSolution
		HideSolutionNode = FALSE
	EndGlobalSection
	GlobalSection(ExtensibilityGlobals) = postSolution
		SolutionGuid = {5CF470D8-A876-446D-9971-AE588924E0C6}
	EndGlobalSection
EndGlobal
